// !$*UTF8*$!
{
	archiveVersion = 1;
	classes = {
	};
	objectVersion = 46;
	objects = {

/* Begin PBXBuildFile section */
		6B37668B1B6A35A800F9CC8F /* HDIndexPath.m in Sources */ = {isa = PBXBuildFile; fileRef = 6B37668A1B6A35A800F9CC8F /* HDIndexPath.m */; };
		6BA7BBF31B61F12700FDFA92 /* main.m in Sources */ = {isa = PBXBuildFile; fileRef = 6BA7BBF21B61F12700FDFA92 /* main.m */; };
		6BA7BBF61B61F12700FDFA92 /* AppDelegate.m in Sources */ = {isa = PBXBuildFile; fileRef = 6BA7BBF51B61F12700FDFA92 /* AppDelegate.m */; };
		6BA7BBFC1B61F12700FDFA92 /* Main.storyboard in Resources */ = {isa = PBXBuildFile; fileRef = 6BA7BBFA1B61F12700FDFA92 /* Main.storyboard */; };
		6BA7BBFE1B61F12700FDFA92 /* Images.xcassets in Resources */ = {isa = PBXBuildFile; fileRef = 6BA7BBFD1B61F12700FDFA92 /* Images.xcassets */; };
		6BA7BC011B61F12700FDFA92 /* LaunchScreen.xib in Resources */ = {isa = PBXBuildFile; fileRef = 6BA7BBFF1B61F12700FDFA92 /* LaunchScreen.xib */; };
		6BA7BC0D1B61F12700FDFA92 /* HDTableDemoTests.m in Sources */ = {isa = PBXBuildFile; fileRef = 6BA7BC0C1B61F12700FDFA92 /* HDTableDemoTests.m */; };
		6BA7BC191B61F19000FDFA92 /* HDTableView.m in Sources */ = {isa = PBXBuildFile; fileRef = 6BA7BC181B61F19000FDFA92 /* HDTableView.m */; };
		6BACBD4A1B65D52A00A69013 /* ViewController.m in Sources */ = {isa = PBXBuildFile; fileRef = 6BACBD491B65D52A00A69013 /* ViewController.m */; };
		6BACBD4C1B65FB3E00A69013 /* icon.png in Resources */ = {isa = PBXBuildFile; fileRef = 6BACBD4B1B65FB3E00A69013 /* icon.png */; };
		6BD6E69A1B66242F00AC5554 /* HDTableCell.m in Sources */ = {isa = PBXBuildFile; fileRef = 6BD6E6991B66242F00AC5554 /* HDTableCell.m */; };
/* End PBXBuildFile section */

/* Begin PBXContainerItemProxy section */
		6BA7BC071B61F12700FDFA92 /* PBXContainerItemProxy */ = {
			isa = PBXContainerItemProxy;
			containerPortal = 6BA7BBE51B61F12700FDFA92 /* Project object */;
			proxyType = 1;
			remoteGlobalIDString = 6BA7BBEC1B61F12700FDFA92;
			remoteInfo = HDTableDemo;
		};
/* End PBXContainerItemProxy section */

/* Begin PBXFileReference section */
		6B3766891B6A35A800F9CC8F /* HDIndexPath.h */ = {isa = PBXFileReference; fileEncoding = 4; lastKnownFileType = sourcecode.c.h; name = HDIndexPath.h; path = ../../HDTableClass/HDIndexPath.h; sourceTree = "<group>"; };
		6B37668A1B6A35A800F9CC8F /* HDIndexPath.m */ = {isa = PBXFileReference; fileEncoding = 4; lastKnownFileType = sourcecode.c.objc; name = HDIndexPath.m; path = ../../HDTableClass/HDIndexPath.m; sourceTree = "<group>"; };
		6BA7BBED1B61F12700FDFA92 /* HDTableDemo.app */ = {isa = PBXFileReference; explicitFileType = wrapper.application; includeInIndex = 0; path = HDTableDemo.app; sourceTree = BUILT_PRODUCTS_DIR; };
		6BA7BBF11B61F12700FDFA92 /* Info.plist */ = {isa = PBXFileReference; lastKnownFileType = text.plist.xml; path = Info.plist; sourceTree = "<group>"; };
		6BA7BBF21B61F12700FDFA92 /* main.m */ = {isa = PBXFileReference; lastKnownFileType = sourcecode.c.objc; path = main.m; sourceTree = "<group>"; };
		6BA7BBF41B61F12700FDFA92 /* AppDelegate.h */ = {isa = PBXFileReference; lastKnownFileType = sourcecode.c.h; path = AppDelegate.h; sourceTree = "<group>"; };
		6BA7BBF51B61F12700FDFA92 /* AppDelegate.m */ = {isa = PBXFileReference; lastKnownFileType = sourcecode.c.objc; path = AppDelegate.m; sourceTree = "<group>"; };
		6BA7BBF71B61F12700FDFA92 /* ViewController.h */ = {isa = PBXFileReference; lastKnownFileType = sourcecode.c.h; path = ViewController.h; sourceTree = "<group>"; };
		6BA7BBFB1B61F12700FDFA92 /* Base */ = {isa = PBXFileReference; lastKnownFileType = file.storyboard; name = Base; path = Base.lproj/Main.storyboard; sourceTree = "<group>"; };
		6BA7BBFD1B61F12700FDFA92 /* Images.xcassets */ = {isa = PBXFileReference; lastKnownFileType = folder.assetcatalog; path = Images.xcassets; sourceTree = "<group>"; };
		6BA7BC001B61F12700FDFA92 /* Base */ = {isa = PBXFileReference; lastKnownFileType = file.xib; name = Base; path = Base.lproj/LaunchScreen.xib; sourceTree = "<group>"; };
		6BA7BC061B61F12700FDFA92 /* HDTableDemoTests.xctest */ = {isa = PBXFileReference; explicitFileType = wrapper.cfbundle; includeInIndex = 0; path = HDTableDemoTests.xctest; sourceTree = BUILT_PRODUCTS_DIR; };
		6BA7BC0B1B61F12700FDFA92 /* Info.plist */ = {isa = PBXFileReference; lastKnownFileType = text.plist.xml; path = Info.plist; sourceTree = "<group>"; };
		6BA7BC0C1B61F12700FDFA92 /* HDTableDemoTests.m */ = {isa = PBXFileReference; lastKnownFileType = sourcecode.c.objc; path = HDTableDemoTests.m; sourceTree = "<group>"; };
		6BA7BC171B61F19000FDFA92 /* HDTableView.h */ = {isa = PBXFileReference; fileEncoding = 4; lastKnownFileType = sourcecode.c.h; name = HDTableView.h; path = ../../HDTableClass/HDTableView.h; sourceTree = "<group>"; };
		6BA7BC181B61F19000FDFA92 /* HDTableView.m */ = {isa = PBXFileReference; fileEncoding = 4; lastKnownFileType = sourcecode.c.objc; name = HDTableView.m; path = ../../HDTableClass/HDTableView.m; sourceTree = "<group>"; };
		6BACBD491B65D52A00A69013 /* ViewController.m */ = {isa = PBXFileReference; fileEncoding = 4; lastKnownFileType = sourcecode.c.objc; path = ViewController.m; sourceTree = "<group>"; };
		6BACBD4B1B65FB3E00A69013 /* icon.png */ = {isa = PBXFileReference; lastKnownFileType = image.png; name = icon.png; path = ../../../../../toneImages/icon.png; sourceTree = "<group>"; };
		6BD6E6981B66242F00AC5554 /* HDTableCell.h */ = {isa = PBXFileReference; fileEncoding = 4; lastKnownFileType = sourcecode.c.h; name = HDTableCell.h; path = ../../HDTableClass/HDTableCell.h; sourceTree = "<group>"; };
		6BD6E6991B66242F00AC5554 /* HDTableCell.m */ = {isa = PBXFileReference; fileEncoding = 4; lastKnownFileType = sourcecode.c.objc; name = HDTableCell.m; path = ../../HDTableClass/HDTableCell.m; sourceTree = "<group>"; };
/* End PBXFileReference section */

/* Begin PBXFrameworksBuildPhase section */
		6BA7BBEA1B61F12700FDFA92 /* Frameworks */ = {
			isa = PBXFrameworksBuildPhase;
			buildActionMask = 2147483647;
			files = (
			);
			runOnlyForDeploymentPostprocessing = 0;
		};
		6BA7BC031B61F12700FDFA92 /* Frameworks */ = {
			isa = PBXFrameworksBuildPhase;
			buildActionMask = 2147483647;
			files = (
			);
			runOnlyForDeploymentPostprocessing = 0;
		};
/* End PBXFrameworksBuildPhase section */

/* Begin PBXGroup section */
		6BA7BBE41B61F12700FDFA92 = {
			isa = PBXGroup;
			children = (
				6BA7BC161B61F13100FDFA92 /* HDTableClass */,
				6BA7BBEF1B61F12700FDFA92 /* HDTableDemo */,
				6BA7BC091B61F12700FDFA92 /* HDTableDemoTests */,
				6BA7BBEE1B61F12700FDFA92 /* Products */,
			);
			sourceTree = "<group>";
		};
		6BA7BBEE1B61F12700FDFA92 /* Products */ = {
			isa = PBXGroup;
			children = (
				6BA7BBED1B61F12700FDFA92 /* HDTableDemo.app */,
				6BA7BC061B61F12700FDFA92 /* HDTableDemoTests.xctest */,
			);
			name = Products;
			sourceTree = "<group>";
		};
		6BA7BBEF1B61F12700FDFA92 /* HDTableDemo */ = {
			isa = PBXGroup;
			children = (
				6BA7BBF41B61F12700FDFA92 /* AppDelegate.h */,
				6BA7BBF51B61F12700FDFA92 /* AppDelegate.m */,
				6BA7BBF71B61F12700FDFA92 /* ViewController.h */,
				6BACBD491B65D52A00A69013 /* ViewController.m */,
				6BACBD4B1B65FB3E00A69013 /* icon.png */,
				6BA7BBFA1B61F12700FDFA92 /* Main.storyboard */,
				6BA7BBFD1B61F12700FDFA92 /* Images.xcassets */,
				6BA7BBFF1B61F12700FDFA92 /* LaunchScreen.xib */,
				6BA7BBF01B61F12700FDFA92 /* Supporting Files */,
			);
			path = HDTableDemo;
			sourceTree = "<group>";
		};
		6BA7BBF01B61F12700FDFA92 /* Supporting Files */ = {
			isa = PBXGroup;
			children = (
				6BA7BBF11B61F12700FDFA92 /* Info.plist */,
				6BA7BBF21B61F12700FDFA92 /* main.m */,
			);
			name = "Supporting Files";
			sourceTree = "<group>";
		};
		6BA7BC091B61F12700FDFA92 /* HDTableDemoTests */ = {
			isa = PBXGroup;
			children = (
				6BA7BC0C1B61F12700FDFA92 /* HDTableDemoTests.m */,
				6BA7BC0A1B61F12700FDFA92 /* Supporting Files */,
			);
			path = HDTableDemoTests;
			sourceTree = "<group>";
		};
		6BA7BC0A1B61F12700FDFA92 /* Supporting Files */ = {
			isa = PBXGroup;
			children = (
				6BA7BC0B1B61F12700FDFA92 /* Info.plist */,
			);
			name = "Supporting Files";
			sourceTree = "<group>";
		};
		6BA7BC161B61F13100FDFA92 /* HDTableClass */ = {
			isa = PBXGroup;
			children = (
				6B3766891B6A35A800F9CC8F /* HDIndexPath.h */,
				6B37668A1B6A35A800F9CC8F /* HDIndexPath.m */,
				6BD6E6981B66242F00AC5554 /* HDTableCell.h */,
				6BD6E6991B66242F00AC5554 /* HDTableCell.m */,
				6BA7BC171B61F19000FDFA92 /* HDTableView.h */,
				6BA7BC181B61F19000FDFA92 /* HDTableView.m */,
			);
			path = HDTableClass;
			sourceTree = "<group>";
		};
/* End PBXGroup section */

/* Begin PBXNativeTarget section */
		6BA7BBEC1B61F12700FDFA92 /* HDTableDemo */ = {
			isa = PBXNativeTarget;
			buildConfigurationList = 6BA7BC101B61F12700FDFA92 /* Build configuration list for PBXNativeTarget "HDTableDemo" */;
			buildPhases = (
				6BA7BBE91B61F12700FDFA92 /* Sources */,
				6BA7BBEA1B61F12700FDFA92 /* Frameworks */,
				6BA7BBEB1B61F12700FDFA92 /* Resources */,
			);
			buildRules = (
			);
			dependencies = (
			);
			name = HDTableDemo;
			productName = HDTableDemo;
			productReference = 6BA7BBED1B61F12700FDFA92 /* HDTableDemo.app */;
			productType = "com.apple.product-type.application";
		};
		6BA7BC051B61F12700FDFA92 /* HDTableDemoTests */ = {
			isa = PBXNativeTarget;
			buildConfigurationList = 6BA7BC131B61F12700FDFA92 /* Build configuration list for PBXNativeTarget "HDTableDemoTests" */;
			buildPhases = (
				6BA7BC021B61F12700FDFA92 /* Sources */,
				6BA7BC031B61F12700FDFA92 /* Frameworks */,
				6BA7BC041B61F12700FDFA92 /* Resources */,
			);
			buildRules = (
			);
			dependencies = (
				6BA7BC081B61F12700FDFA92 /* PBXTargetDependency */,
			);
			name = HDTableDemoTests;
			productName = HDTableDemoTests;
			productReference = 6BA7BC061B61F12700FDFA92 /* HDTableDemoTests.xctest */;
			productType = "com.apple.product-type.bundle.unit-test";
		};
/* End PBXNativeTarget section */

/* Begin PBXProject section */
		6BA7BBE51B61F12700FDFA92 /* Project object */ = {
			isa = PBXProject;
			attributes = {
				LastUpgradeCheck = 0640;
				ORGANIZATIONNAME = xiaoyezi;
				TargetAttributes = {
					6BA7BBEC1B61F12700FDFA92 = {
						CreatedOnToolsVersion = 6.4;
					};
					6BA7BC051B61F12700FDFA92 = {
						CreatedOnToolsVersion = 6.4;
						TestTargetID = 6BA7BBEC1B61F12700FDFA92;
					};
				};
			};
			buildConfigurationList = 6BA7BBE81B61F12700FDFA92 /* Build configuration list for PBXProject "HDTableDemo" */;
			compatibilityVersion = "Xcode 3.2";
			developmentRegion = English;
			hasScannedForEncodings = 0;
			knownRegions = (
				en,
				Base,
			);
			mainGroup = 6BA7BBE41B61F12700FDFA92;
			productRefGroup = 6BA7BBEE1B61F12700FDFA92 /* Products */;
			projectDirPath = "";
			projectRoot = "";
			targets = (
				6BA7BBEC1B61F12700FDFA92 /* HDTableDemo */,
				6BA7BC051B61F12700FDFA92 /* HDTableDemoTests */,
			);
		};
/* End PBXProject section */

/* Begin PBXResourcesBuildPhase section */
		6BA7BBEB1B61F12700FDFA92 /* Resources */ = {
			isa = PBXResourcesBuildPhase;
			buildActionMask = 2147483647;
			files = (
				6BA7BBFC1B61F12700FDFA92 /* Main.storyboard in Resources */,
				6BA7BC011B61F12700FDFA92 /* LaunchScreen.xib in Resources */,
				6BA7BBFE1B61F12700FDFA92 /* Images.xcassets in Resources */,
				6BACBD4C1B65FB3E00A69013 /* icon.png in Resources */,
			);
			runOnlyForDeploymentPostprocessing = 0;
		};
		6BA7BC041B61F12700FDFA92 /* Resources */ = {
			isa = PBXResourcesBuildPhase;
			buildActionMask = 2147483647;
			files = (
			);
			runOnlyForDeploymentPostprocessing = 0;
		};
/* End PBXResourcesBuildPhase section */

/* Begin PBXSourcesBuildPhase section */
		6BA7BBE91B61F12700FDFA92 /* Sources */ = {
			isa = PBXSourcesBuildPhase;
			buildActionMask = 2147483647;
			files = (
				6BA7BBF61B61F12700FDFA92 /* AppDelegate.m in Sources */,
				6BA7BBF31B61F12700FDFA92 /* main.m in Sources */,
				6BD6E69A1B66242F00AC5554 /* HDTableCell.m in Sources */,
				6B37668B1B6A35A800F9CC8F /* HDIndexPath.m in Sources */,
				6BA7BC191B61F19000FDFA92 /* HDTableView.m in Sources */,
				6BACBD4A1B65D52A00A69013 /* ViewController.m in Sources */,
			);
			runOnlyForDeploymentPostprocessing = 0;
		};
		6BA7BC021B61F12700FDFA92 /* Sources */ = {
			isa = PBXSourcesBuildPhase;
			buildActionMask = 2147483647;
			files = (
				6BA7BC0D1B61F12700FDFA92 /* HDTableDemoTests.m in Sources */,
			);
			runOnlyForDeploymentPostprocessing = 0;
		};
/* End PBXSourcesBuildPhase section */

/* Begin PBXTargetDependency section */
		6BA7BC081B61F12700FDFA92 /* PBXTargetDependency */ = {
			isa = PBXTargetDependency;
			target = 6BA7BBEC1B61F12700FDFA92 /* HDTableDemo */;
			targetProxy = 6BA7BC071B61F12700FDFA92 /* PBXContainerItemProxy */;
		};
/* End PBXTargetDependency section */

/* Begin PBXVariantGroup section */
		6BA7BBFA1B61F12700FDFA92 /* Main.storyboard */ = {
			isa = PBXVariantGroup;
			children = (
				6BA7BBFB1B61F12700FDFA92 /* Base */,
			);
			name = Main.storyboard;
			sourceTree = "<group>";
		};
		6BA7BBFF1B61F12700FDFA92 /* LaunchScreen.xib */ = {
			isa = PBXVariantGroup;
			children = (
				6BA7BC001B61F12700FDFA92 /* Base */,
			);
			name = LaunchScreen.xib;
			sourceTree = "<group>";
		};
/* End PBXVariantGroup section */

/* Begin XCBuildConfiguration section */
		6BA7BC0E1B61F12700FDFA92 /* Debug */ = {
			isa = XCBuildConfiguration;
			buildSettings = {
				ALWAYS_SEARCH_USER_PATHS = NO;
				CLANG_CXX_LANGUAGE_STANDARD = "gnu++0x";
				CLANG_CXX_LIBRARY = "libc++";
				CLANG_ENABLE_MODULES = YES;
				CLANG_ENABLE_OBJC_ARC = YES;
				CLANG_WARN_BOOL_CONVERSION = YES;
				CLANG_WARN_CONSTANT_CONVERSION = YES;
				CLANG_WARN_DIRECT_OBJC_ISA_USAGE = YES_ERROR;
				CLANG_WARN_EMPTY_BODY = YES;
				CLANG_WARN_ENUM_CONVERSION = YES;
				CLANG_WARN_INT_CONVERSION = YES;
				CLANG_WARN_OBJC_ROOT_CLASS = YES_ERROR;
				CLANG_WARN_UNREACHABLE_CODE = YES;
				CLANG_WARN__DUPLICATE_METHOD_MATCH = YES;
				"CODE_SIGN_IDENTITY[sdk=iphoneos*]" = "iPhone Developer";
				COPY_PHASE_STRIP = NO;
				DEBUG_INFORMATION_FORMAT = "dwarf-with-dsym";
				ENABLE_STRICT_OBJC_MSGSEND = YES;
				GCC_C_LANGUAGE_STANDARD = gnu99;
				GCC_DYNAMIC_NO_PIC = NO;
				GCC_NO_COMMON_BLOCKS = YES;
				GCC_OPTIMIZATION_LEVEL = 0;
				GCC_PREPROCESSOR_DEFINITIONS = (
					"DEBUG=1",
					"$(inherited)",
				);
				GCC_SYMBOLS_PRIVATE_EXTERN = NO;
				GCC_WARN_64_TO_32_BIT_CONVERSION = YES;
				GCC_WARN_ABOUT_RETURN_TYPE = YES_ERROR;
				GCC_WARN_UNDECLARED_SELECTOR = YES;
				GCC_WARN_UNINITIALIZED_AUTOS = YES_AGGRESSIVE;
				GCC_WARN_UNUSED_FUNCTION = YES;
				GCC_WARN_UNUSED_VARIABLE = YES;
				IPHONEOS_DEPLOYMENT_TARGET = 8.4;
				MTL_ENABLE_DEBUG_INFO = YES;
				ONLY_ACTIVE_ARCH = YES;
				SDKROOT = iphoneos;
				TARGETED_DEVICE_FAMILY = "1,2";
			};
			name = Debug;
		};
		6BA7BC0F1B61F12700FDFA92 /* Release */ = {
			isa = XCBuildConfiguration;
			buildSettings = {
				ALWAYS_SEARCH_USER_PATHS = NO;
				CLANG_CXX_LANGUAGE_STANDARD = "gnu++0x";
				CLANG_CXX_LIBRARY = "libc++";
				CLANG_ENABLE_MODULES = YES;
				CLANG_ENABLE_OBJC_ARC = YES;
				CLANG_WARN_BOOL_CONVERSION = YES;
				CLANG_WARN_CONSTANT_CONVERSION = YES;
				CLANG_WARN_DIRECT_OBJC_ISA_USAGE = YES_ERROR;
				CLANG_WARN_EMPTY_BODY = YES;
				CLANG_WARN_ENUM_CONVERSION = YES;
				CLANG_WARN_INT_CONVERSION = YES;
				CLANG_WARN_OBJC_ROOT_CLASS = YES_ERROR;
				CLANG_WARN_UNREACHABLE_CODE = YES;
				CLANG_WARN__DUPLICATE_METHOD_MATCH = YES;
				"CODE_SIGN_IDENTITY[sdk=iphoneos*]" = "iPhone Developer";
				COPY_PHASE_STRIP = NO;
				DEBUG_INFORMATION_FORMAT = "dwarf-with-dsym";
				ENABLE_NS_ASSERTIONS = NO;
				ENABLE_STRICT_OBJC_MSGSEND = YES;
				GCC_C_LANGUAGE_STANDARD = gnu99;
				GCC_NO_COMMON_BLOCKS = YES;
				GCC_WARN_64_TO_32_BIT_CONVERSION = YES;
				GCC_WARN_ABOUT_RETURN_TYPE = YES_ERROR;
				GCC_WARN_UNDECLARED_SELECTOR = YES;
				GCC_WARN_UNINITIALIZED_AUTOS = YES_AGGRESSIVE;
				GCC_WARN_UNUSED_FUNCTION = YES;
				GCC_WARN_UNUSED_VARIABLE = YES;
				IPHONEOS_DEPLOYMENT_TARGET = 8.4;
				MTL_ENABLE_DEBUG_INFO = NO;
				SDKROOT = iphoneos;
				TARGETED_DEVICE_FAMILY = "1,2";
				VALIDATE_PRODUCT = YES;
			};
			name = Release;
		};
		6BA7BC111B61F12700FDFA92 /* Debug */ = {
			isa = XCBuildConfiguration;
			buildSettings = {
				ASSETCATALOG_COMPILER_APPICON_NAME = AppIcon;
				INFOPLIST_FILE = HDTableDemo/Info.plist;
				LD_RUNPATH_SEARCH_PATHS = "$(inherited) @executable_path/Frameworks";
				PRODUCT_NAME = "$(TARGET_NAME)";
			};
			name = Debug;
		};
		6BA7BC121B61F12700FDFA92 /* Release */ = {
			isa = XCBuildConfiguration;
			buildSettings = {
				ASSETCATALOG_COMPILER_APPICON_NAME = AppIcon;
				INFOPLIST_FILE = HDTableDemo/Info.plist;
				LD_RUNPATH_SEARCH_PATHS = "$(inherited) @executable_path/Frameworks";
				PRODUCT_NAME = "$(TARGET_NAME)";
			};
			name = Release;
		};
		6BA7BC141B61F12700FDFA92 /* Debug */ = {
			isa = XCBuildConfiguration;
			buildSettings = {
				BUNDLE_LOADER = "$(TEST_HOST)";
				FRAMEWORK_SEARCH_PATHS = (
					"$(SDKROOT)/Developer/Library/Frameworks",
					"$(inherited)",
				);
				GCC_PREPROCESSOR_DEFINITIONS = (
					"DEBUG=1",
					"$(inherited)",
				);
				INFOPLIST_FILE = HDTableDemoTests/Info.plist;
				LD_RUNPATH_SEARCH_PATHS = "$(inherited) @executable_path/Frameworks @loader_path/Frameworks";
				PRODUCT_NAME = "$(TARGET_NAME)";
				TEST_HOST = "$(BUILT_PRODUCTS_DIR)/HDTableDemo.app/HDTableDemo";
			};
			name = Debug;
		};
		6BA7BC151B61F12700FDFA92 /* Release */ = {
			isa = XCBuildConfiguration;
			buildSettings = {
				BUNDLE_LOADER = "$(TEST_HOST)";
				FRAMEWORK_SEARCH_PATHS = (
					"$(SDKROOT)/Developer/Library/Frameworks",
					"$(inherited)",
				);
				INFOPLIST_FILE = HDTableDemoTests/Info.plist;
				LD_RUNPATH_SEARCH_PATHS = "$(inherited) @executable_path/Frameworks @loader_path/Frameworks";
				PRODUCT_NAME = "$(TARGET_NAME)";
				TEST_HOST = "$(BUILT_PRODUCTS_DIR)/HDTableDemo.app/HDTableDemo";
			};
			name = Release;
		};
/* End XCBuildConfiguration section */

/* Begin XCConfigurationList section */
		6BA7BBE81B61F12700FDFA92 /* Build configuration list for PBXProject "HDTableDemo" */ = {
			isa = XCConfigurationList;
			buildConfigurations = (
				6BA7BC0E1B61F12700FDFA92 /* Debug */,
				6BA7BC0F1B61F12700FDFA92 /* Release */,
			);
			defaultConfigurationIsVisible = 0;
			defaultConfigurationName = Release;
		};
		6BA7BC101B61F12700FDFA92 /* Build configuration list for PBXNativeTarget "HDTableDemo" */ = {
			isa = XCConfigurationList;
			buildConfigurations = (
				6BA7BC111B61F12700FDFA92 /* Debug */,
				6BA7BC121B61F12700FDFA92 /* Release */,
			);
			defaultConfigurationIsVisible = 0;
			defaultConfigurationName = Release;
		};
		6BA7BC131B61F12700FDFA92 /* Build configuration list for PBXNativeTarget "HDTableDemoTests" */ = {
			isa = XCConfigurationList;
			buildConfigurations = (
				6BA7BC141B61F12700FDFA92 /* Debug */,
				6BA7BC151B61F12700FDFA92 /* Release */,
			);
			defaultConfigurationIsVisible = 0;
			defaultConfigurationName = Release;
		};
/* End XCConfigurationList section */
	};
	rootObject = 6BA7BBE51B61F12700FDFA92 /* Project object */;
}
